
Microsoft Visual Studio Solution File, Format Version 12.00
# Visual Studio Version 17
VisualStudioVersion = 17.11.35327.3
MinimumVisualStudioVersion = 10.0.40219.1
Project("{9A19103F-16F7-4668-BE54-9A1E7A4F7556}") = "EventsAPI", "EventsAPI\EventsAPI.csproj", "{0DCE6F29-CE16-4908-AE98-965BB21B06EB}"
EndProject
Project("{9A19103F-16F7-4668-BE54-9A1E7A4F7556}") = "EventsData", "EventsData\EventsData.csproj", "{5BCAA8AE-A840-43AA-8FE4-4960DEF835AD}"
EndProject
Global
	GlobalSection(SolutionConfigurationPlatforms) = preSolution
		Debug|Any CPU = Debug|Any CPU
		Release|Any CPU = Release|Any CPU
	EndGlobalSection
	GlobalSection(ProjectConfigurationPlatforms) = postSolution
		{0DCE6F29-CE16-4908-AE98-965BB21B06EB}.Debug|Any CPU.ActiveCfg = Debug|Any CPU
		{0DCE6F29-CE16-4908-AE98-965BB21B06EB}.Debug|Any CPU.Build.0 = Debug|Any CPU
		{0DCE6F29-CE16-4908-AE98-965BB21B06EB}.Release|Any CPU.ActiveCfg = Release|Any CPU
		{0DCE6F29-CE16-4908-AE98-965BB21B06EB}.Release|Any CPU.Build.0 = Release|Any CPU
		{5BCAA8AE-A840-43AA-8FE4-4960DEF835AD}.Debug|Any CPU.ActiveCfg = Debug|Any CPU
		{5BCAA8AE-A840-43AA-8FE4-4960DEF835AD}.Debug|Any CPU.Build.0 = Debug|Any CPU
		{5BCAA8AE-A840-43AA-8FE4-4960DEF835AD}.Release|Any CPU.ActiveCfg = Release|Any CPU
		{5BCAA8AE-A840-43AA-8FE4-4960DEF835AD}.Release|Any CPU.Build.0 = Release|Any CPU
	EndGlobalSection
	GlobalSection(SolutionProperties) = preSolution
		HideSolutionNode = FALSE
	EndGlobalSection
	GlobalSection(ExtensibilityGlobals) = postSolution
		SolutionGuid = {985A194B-38FC-4D54-B37E-F00B95F526EA}
	EndGlobalSection
EndGlobal
